
Microsoft Visual Studio Solution File, Format Version 12.00
# Visual Studio Version 16
VisualStudioVersion = 16.0.34031.81
MinimumVisualStudioVersion = 10.0.40219.1
Project("{FAE04EC0-301F-11D3-BF4B-00C04F79EFBC}") = "HelpingHands(blood)", "HelpingHands(blood)\HelpingHands(blood).csproj", "{BB8BA2B4-E65B-4B44-B97C-9C5806E1E6E2}"
EndProject
Global
	GlobalSection(SolutionConfigurationPlatforms) = preSolution
		Debug|Any CPU = Debug|Any CPU
		Release|Any CPU = Release|Any CPU
	EndGlobalSection
	GlobalSection(ProjectConfigurationPlatforms) = postSolution
		{BB8BA2B4-E65B-4B44-B97C-9C5806E1E6E2}.Debug|Any CPU.ActiveCfg = Debug|Any CPU
		{BB8BA2B4-E65B-4B44-B97C-9C5806E1E6E2}.Debug|Any CPU.Build.0 = Debug|Any CPU
		{BB8BA2B4-E65B-4B44-B97C-9C5806E1E6E2}.Release|Any CPU.ActiveCfg = Release|Any CPU
		{BB8BA2B4-E65B-4B44-B97C-9C5806E1E6E2}.Release|Any CPU.Build.0 = Release|Any CPU
	EndGlobalSection
	GlobalSection(SolutionProperties) = preSolution
		HideSolutionNode = FALSE
	EndGlobalSection
	GlobalSection(ExtensibilityGlobals) = postSolution
		SolutionGuid = {8E887739-B39E-4925-A2B7-3A01F2DEB316}
	EndGlobalSection
EndGlobal
